lockfileVersion: 9.0
settings:
  autoInstallPeers: true
  excludeLinksFromLockfile: false
importers:
  .:
    dependencies:
      '@base-ui/react':
        specifier: ^1.5.0
        version: 1.5.0(@date-fns/tz@1.4.1)(@types/react@19.2.14)(date-fns@4.1.0)(react-dom@19.2.4(react@19.2.4))(react@19.2.4)
      '@vercel/analytics':
        specifier: 1.6.1
        version: 1.6.1(next@16.3.3(@babel/core@7.29.7)(@types/node@20.18.0)(react-dom@19.2.4(react@19.2.4))(react@19.2.4))(react@19.2.4)
      class-variance-authority:
        specifier: ^0.7.1
        version: 0.7.1
      clsx:
        specifier: ^2.1.1
        version: 2.1.1
      cors:
        specifier: ^2.8.6
        version: 2.8.6
      dotenv:
        specifier: ^16.4.7
        version: 16.6.1
      express:
        specifier: ^4.22.2
        version: 4.22.2
      lucide-react:
        specifier: ^1.16.0
        version: 1.17.0(react@19.2.4)
      next:
        specifier: 16.3.3
        version: 16.3.3(@babel/core@7.29.7)(@types/node@20.18.0)(react-dom@19.2.4(react@19.2.4))(react@19.2.4)
      react:
        specifier: ^19
        version: 19.2.4
      react-dom:
        specifier: ^19
        version: 19.2.4(react@19.2.4)
      recharts:
        specifier: ^3.10.1
        version: 3.10.1(@types/react@19.2.14)(react-dom@19.2.4(react@19.2.4))(react-is@19.3.0)(react@19.2.4)(redux@5.0.1)
      shadcn:
        specifier: ^4.11.0
        version: 4.19.0(typescript@5.7.3)
      tailwind-merge:
        specifier: ^3.3.1
        version: 3.4.0
      tsx:
        specifier: ^4.20.3
        version: 4.23.13
      tw-animate-css:
        specifier: ^1.4.0
        version: 1.4.0
    devDependencies:
      '@tailwindcss/postcss':
        specifier: ^4.3.3
        version: 4.3.3
      '@types/node':
        specifier: ^20
        version: 20.18.0
      '@types/react':
        specifier: ^19
        version: 19.2.14
      '@types/react-dom':
        specifier: ^19
        version: 19.2.3(@types/react@19.2.14)
      postcss:
        specifier: ^8.5
        version: 8.5.6
      tailwindcss:
        specifier: ^4.3.3
        version: 4.3.3
      typescript:
        specifier: 5.7.3
        version: 5.7.3
packages:
  '@types/node@20.18.0':
    resolution: {integrity: sha512-IwVH8MwC/aFvpk2W5YCZBY5Dvc0RdKmK6P8Zi8fYYLLaGPuZpI5FpDgCy0h2VR/CJaW1n/Xv0B2sGmVEHhGfA==}
    engines: {node: '>=20'}
    dev: true
